
Microsoft Visual Studio Solution File, Format Version 12.00
# Visual Studio Version 16
VisualStudioVersion = 16.0.29806.167
MinimumVisualStudioVersion = 10.0.40219.1
Project("{FAE04EC0-301F-11D3-BF4B-00C04F79EFBC}") = "PoCArduinoData", "PoCArduinoData\PoCArduinoData.csproj", "{C78B6587-7398-4C87-86A9-E6A308F29EFB}"
EndProject
Project("{FAE04EC0-301F-11D3-BF4B-00C04F79EFBC}") = "PoCReadAnalog", "PoCReadAnalog\PoCReadAnalog.csproj", "{EC4D392E-1359-4936-A219-1F3C2547D8DC}"
EndProject
Global
	GlobalSection(SolutionConfigurationPlatforms) = preSolution
		Debug|Any CPU = Debug|Any CPU
		Release|Any CPU = Release|Any CPU
	EndGlobalSection
	GlobalSection(ProjectConfigurationPlatforms) = postSolution
		{C78B6587-7398-4C87-86A9-E6A308F29EFB}.Debug|Any CPU.ActiveCfg = Debug|Any CPU
		{C78B6587-7398-4C87-86A9-E6A308F29EFB}.Debug|Any CPU.Build.0 = Debug|Any CPU
		{C78B6587-7398-4C87-86A9-E6A308F29EFB}.Release|Any CPU.ActiveCfg = Release|Any CPU
		{C78B6587-7398-4C87-86A9-E6A308F29EFB}.Release|Any CPU.Build.0 = Release|Any CPU
		{EC4D392E-1359-4936-A219-1F3C2547D8DC}.Debug|Any CPU.ActiveCfg = Debug|Any CPU
		{EC4D392E-1359-4936-A219-1F3C2547D8DC}.Debug|Any CPU.Build.0 = Debug|Any CPU
		{EC4D392E-1359-4936-A219-1F3C2547D8DC}.Release|Any CPU.ActiveCfg = Release|Any CPU
		{EC4D392E-1359-4936-A219-1F3C2547D8DC}.Release|Any CPU.Build.0 = Release|Any CPU
	EndGlobalSection
	GlobalSection(SolutionProperties) = preSolution
		HideSolutionNode = FALSE
	EndGlobalSection
	GlobalSection(ExtensibilityGlobals) = postSolution
		SolutionGuid = {5C282373-6EAC-47A8-8B1F-46E4DCDAFDB6}
	EndGlobalSection
EndGlobal
